
Microsoft Visual Studio Solution File, Format Version 12.00
# Visual Studio Version 17
VisualStudioVersion = 17.11.35222.181
MinimumVisualStudioVersion = 10.0.40219.1
Project("{FAE04EC0-301F-11D3-BF4B-00C04F79EFBC}") = "TestAppSettingsFromSeparateDll", "TestAppSettingsFromSeparateDll\TestAppSettingsFromSeparateDll.csproj", "{9585AEF6-7EDB-4F12-86EB-5E1ACD3D7E82}"
EndProject
Global
	GlobalSection(SolutionConfigurationPlatforms) = preSolution
		Debug|Any CPU = Debug|Any CPU
		Release|Any CPU = Release|Any CPU
	EndGlobalSection
	GlobalSection(ProjectConfigurationPlatforms) = postSolution
		{9585AEF6-7EDB-4F12-86EB-5E1ACD3D7E82}.Debug|Any CPU.ActiveCfg = Debug|Any CPU
		{9585AEF6-7EDB-4F12-86EB-5E1ACD3D7E82}.Debug|Any CPU.Build.0 = Debug|Any CPU
		{9585AEF6-7EDB-4F12-86EB-5E1ACD3D7E82}.Release|Any CPU.ActiveCfg = Release|Any CPU
		{9585AEF6-7EDB-4F12-86EB-5E1ACD3D7E82}.Release|Any CPU.Build.0 = Release|Any CPU
	EndGlobalSection
	GlobalSection(SolutionProperties) = preSolution
		HideSolutionNode = FALSE
	EndGlobalSection
	GlobalSection(ExtensibilityGlobals) = postSolution
		SolutionGuid = {74BCB8F1-540D-4F7C-B7E8-4698285FF115}
	EndGlobalSection
EndGlobal
